
Microsoft Visual Studio Solution File, Format Version 12.00
# Visual Studio Version 17
VisualStudioVersion = 17.7.34031.279
MinimumVisualStudioVersion = 10.0.40219.1
Project("{FAE04EC0-301F-11D3-BF4B-00C04F79EFBC}") = "C#-olio", "C#-olio\C#-olio.csproj", "{012EA336-A456-4D7D-8E1B-AB57D6B37636}"
EndProject
Global
	GlobalSection(SolutionConfigurationPlatforms) = preSolution
		Debug|Any CPU = Debug|Any CPU
		Release|Any CPU = Release|Any CPU
	EndGlobalSection
	GlobalSection(ProjectConfigurationPlatforms) = postSolution
		{012EA336-A456-4D7D-8E1B-AB57D6B37636}.Debug|Any CPU.ActiveCfg = Debug|Any CPU
		{012EA336-A456-4D7D-8E1B-AB57D6B37636}.Debug|Any CPU.Build.0 = Debug|Any CPU
		{012EA336-A456-4D7D-8E1B-AB57D6B37636}.Release|Any CPU.ActiveCfg = Release|Any CPU
		{012EA336-A456-4D7D-8E1B-AB57D6B37636}.Release|Any CPU.Build.0 = Release|Any CPU
	EndGlobalSection
	GlobalSection(SolutionProperties) = preSolution
		HideSolutionNode = FALSE
	EndGlobalSection
	GlobalSection(ExtensibilityGlobals) = postSolution
		SolutionGuid = {1837BCDA-6657-4200-B350-6136DA36CD3E}
	EndGlobalSection
EndGlobal
